// !$*UTF8*$!
{
	archiveVersion = 1;
	classes = {
	};
	objectVersion = 46;
	objects = {

/* Begin PBXBuildFile section */
		3920FF011B16B17D00EA27BA /* main.m in Sources */ = {isa = PBXBuildFile; fileRef = 3920FF001B16B17D00EA27BA /* main.m */; };
		3920FF041B16B17D00EA27BA /* AppDelegate.m in Sources */ = {isa = PBXBuildFile; fileRef = 3920FF031B16B17D00EA27BA /* AppDelegate.m */; };
		3920FF071B16B17D00EA27BA /* ViewController.m in Sources */ = {isa = PBXBuildFile; fileRef = 3920FF061B16B17D00EA27BA /* ViewController.m */; };
		3920FF0A1B16B17D00EA27BA /* Main.storyboard in Resources */ = {isa = PBXBuildFile; fileRef = 3920FF081B16B17D00EA27BA /* Main.storyboard */; };
		3920FF0C1B16B17D00EA27BA /* Images.xcassets in Resources */ = {isa = PBXBuildFile; fileRef = 3920FF0B1B16B17D00EA27BA /* Images.xcassets */; };
		3920FF0F1B16B17D00EA27BA /* LaunchScreen.xib in Resources */ = {isa = PBXBuildFile; fileRef = 3920FF0D1B16B17D00EA27BA /* LaunchScreen.xib */; };
		3920FF1B1B16B17E00EA27BA /* BullsEyeTests.m in Sources */ = {isa = PBXBuildFile; fileRef = 3920FF1A1B16B17E00EA27BA /* BullsEyeTests.m */; };
		3920FF261B1DEC7B00EA27BA /* AboutViewController.m in Sources */ = {isa = PBXBuildFile; fileRef = 3920FF251B1DEC7B00EA27BA /* AboutViewController.m */; };
		3920FF281B1E36AC00EA27BA /* BullsEye.html in Resources */ = {isa = PBXBuildFile; fileRef = 3920FF271B1E36AC00EA27BA /* BullsEye.html */; };
/* End PBXBuildFile section */

/* Begin PBXContainerItemProxy section */
		3920FF151B16B17E00EA27BA /* PBXContainerItemProxy */ = {
			isa = PBXContainerItemProxy;
			containerPortal = 3920FEF31B16B17D00EA27BA /* Project object */;
			proxyType = 1;
			remoteGlobalIDString = 3920FEFA1B16B17D00EA27BA;
			remoteInfo = BullsEye;
		};
/* End PBXContainerItemProxy section */

/* Begin PBXFileReference section */
		3920FEFB1B16B17D00EA27BA /* BullsEye.app */ = {isa = PBXFileReference; explicitFileType = wrapper.application; includeInIndex = 0; path = BullsEye.app; sourceTree = BUILT_PRODUCTS_DIR; };
		3920FEFF1B16B17D00EA27BA /* Info.plist */ = {isa = PBXFileReference; lastKnownFileType = text.plist.xml; path = Info.plist; sourceTree = "<group>"; };
		3920FF001B16B17D00EA27BA /* main.m */ = {isa = PBXFileReference; lastKnownFileType = sourcecode.c.objc; path = main.m; sourceTree = "<group>"; };
		3920FF021B16B17D00EA27BA /* AppDelegate.h */ = {isa = PBXFileReference; lastKnownFileType = sourcecode.c.h; path = AppDelegate.h; sourceTree = "<group>"; };
		3920FF031B16B17D00EA27BA /* AppDelegate.m */ = {isa = PBXFileReference; lastKnownFileType = sourcecode.c.objc; path = AppDelegate.m; sourceTree = "<group>"; };
		3920FF051B16B17D00EA27BA /* ViewController.h */ = {isa = PBXFileReference; lastKnownFileType = sourcecode.c.h; path = ViewController.h; sourceTree = "<group>"; };
		3920FF061B16B17D00EA27BA /* ViewController.m */ = {isa = PBXFileReference; lastKnownFileType = sourcecode.c.objc; path = ViewController.m; sourceTree = "<group>"; };
		3920FF091B16B17D00EA27BA /* Base */ = {isa = PBXFileReference; lastKnownFileType = file.storyboard; name = Base; path = Base.lproj/Main.storyboard; sourceTree = "<group>"; };
		3920FF0B1B16B17D00EA27BA /* Images.xcassets */ = {isa = PBXFileReference; lastKnownFileType = folder.assetcatalog; path = Images.xcassets; sourceTree = "<group>"; };
		3920FF0E1B16B17D00EA27BA /* Base */ = {isa = PBXFileReference; lastKnownFileType = file.xib; name = Base; path = Base.lproj/LaunchScreen.xib; sourceTree = "<group>"; };
		3920FF141B16B17E00EA27BA /* BullsEyeTests.xctest */ = {isa = PBXFileReference; explicitFileType = wrapper.cfbundle; includeInIndex = 0; path = BullsEyeTests.xctest; sourceTree = BUILT_PRODUCTS_DIR; };
		3920FF191B16B17E00EA27BA /* Info.plist */ = {isa = PBXFileReference; lastKnownFileType = text.plist.xml; path = Info.plist; sourceTree = "<group>"; };
		3920FF1A1B16B17E00EA27BA /* BullsEyeTests.m */ = {isa = PBXFileReference; lastKnownFileType = sourcecode.c.objc; path = BullsEyeTests.m; sourceTree = "<group>"; };
		3920FF241B1DEC7B00EA27BA /* AboutViewController.h */ = {isa = PBXFileReference; fileEncoding = 4; lastKnownFileType = sourcecode.c.h; path = AboutViewController.h; sourceTree = "<group>"; };
		3920FF251B1DEC7B00EA27BA /* AboutViewController.m */ = {isa = PBXFileReference; fileEncoding = 4; lastKnownFileType = sourcecode.c.objc; path = AboutViewController.m; sourceTree = "<group>"; };
		3920FF271B1E36AC00EA27BA /* BullsEye.html */ = {isa = PBXFileReference; fileEncoding = 4; lastKnownFileType = text.html; name = BullsEye.html; path = "../../../../Downloads/The iOS Apprentice 1 - Getting Started/Resources/BullsEye.html"; sourceTree = "<group>"; };
/* End PBXFileReference section */

/* Begin PBXFrameworksBuildPhase section */
		3920FEF81B16B17D00EA27BA /* Frameworks */ = {
			isa = PBXFrameworksBuildPhase;
			buildActionMask = 2147483647;
			files = (
			);
			runOnlyForDeploymentPostprocessing = 0;
		};
		3920FF111B16B17E00EA27BA /* Frameworks */ = {
			isa = PBXFrameworksBuildPhase;
			buildActionMask = 2147483647;
			files = (
			);
			runOnlyForDeploymentPostprocessing = 0;
		};
/* End PBXFrameworksBuildPhase section */

/* Begin PBXGroup section */
		3920FEF21B16B17D00EA27BA = {
			isa = PBXGroup;
			children = (
				3920FEFD1B16B17D00EA27BA /* BullsEye */,
				3920FF171B16B17E00EA27BA /* BullsEyeTests */,
				3920FEFC1B16B17D00EA27BA /* Products */,
			);
			sourceTree = "<group>";
		};
		3920FEFC1B16B17D00EA27BA /* Products */ = {
			isa = PBXGroup;
			children = (
				3920FEFB1B16B17D00EA27BA /* BullsEye.app */,
				3920FF141B16B17E00EA27BA /* BullsEyeTests.xctest */,
			);
			name = Products;
			sourceTree = "<group>";
		};
		3920FEFD1B16B17D00EA27BA /* BullsEye */ = {
			isa = PBXGroup;
			children = (
				3920FF021B16B17D00EA27BA /* AppDelegate.h */,
				3920FF031B16B17D00EA27BA /* AppDelegate.m */,
				3920FF051B16B17D00EA27BA /* ViewController.h */,
				3920FF061B16B17D00EA27BA /* ViewController.m */,
				3920FF081B16B17D00EA27BA /* Main.storyboard */,
				3920FF271B1E36AC00EA27BA /* BullsEye.html */,
				3920FF241B1DEC7B00EA27BA /* AboutViewController.h */,
				3920FF251B1DEC7B00EA27BA /* AboutViewController.m */,
				3920FF0B1B16B17D00EA27BA /* Images.xcassets */,
				3920FF0D1B16B17D00EA27BA /* LaunchScreen.xib */,
				3920FEFE1B16B17D00EA27BA /* Supporting Files */,
			);
			path = BullsEye;
			sourceTree = "<group>";
		};
		3920FEFE1B16B17D00EA27BA /* Supporting Files */ = {
			isa = PBXGroup;
			children = (
				3920FEFF1B16B17D00EA27BA /* Info.plist */,
				3920FF001B16B17D00EA27BA /* main.m */,
			);
			name = "Supporting Files";
			sourceTree = "<group>";
		};
		3920FF171B16B17E00EA27BA /* BullsEyeTests */ = {
			isa = PBXGroup;
			children = (
				3920FF1A1B16B17E00EA27BA /* BullsEyeTests.m */,
				3920FF181B16B17E00EA27BA /* Supporting Files */,
			);
			path = BullsEyeTests;
			sourceTree = "<group>";
		};
		3920FF181B16B17E00EA27BA /* Supporting Files */ = {
			isa = PBXGroup;
			children = (
				3920FF191B16B17E00EA27BA /* Info.plist */,
			);
			name = "Supporting Files";
			sourceTree = "<group>";
		};
/* End PBXGroup section */

/* Begin PBXNativeTarget section */
		3920FEFA1B16B17D00EA27BA /* BullsEye */ = {
			isa = PBXNativeTarget;
			buildConfigurationList = 3920FF1E1B16B17E00EA27BA /* Build configuration list for PBXNativeTarget "BullsEye" */;
			buildPhases = (
				3920FEF71B16B17D00EA27BA /* Sources */,
				3920FEF81B16B17D00EA27BA /* Frameworks */,
				3920FEF91B16B17D00EA27BA /* Resources */,
			);
			buildRules = (
			);
			dependencies = (
			);
			name = BullsEye;
			productName = BullsEye;
			productReference = 3920FEFB1B16B17D00EA27BA /* BullsEye.app */;
			productType = "com.apple.product-type.application";
		};
		3920FF131B16B17E00EA27BA /* BullsEyeTests */ = {
			isa = PBXNativeTarget;
			buildConfigurationList = 3920FF211B16B17E00EA27BA /* Build configuration list for PBXNativeTarget "BullsEyeTests" */;
			buildPhases = (
				3920FF101B16B17E00EA27BA /* Sources */,
				3920FF111B16B17E00EA27BA /* Frameworks */,
				3920FF121B16B17E00EA27BA /* Resources */,
			);
			buildRules = (
			);
			dependencies = (
				3920FF161B16B17E00EA27BA /* PBXTargetDependency */,
			);
			name = BullsEyeTests;
			productName = BullsEyeTests;
			productReference = 3920FF141B16B17E00EA27BA /* BullsEyeTests.xctest */;
			productType = "com.apple.product-type.bundle.unit-test";
		};
/* End PBXNativeTarget section */

/* Begin PBXProject section */
		3920FEF31B16B17D00EA27BA /* Project object */ = {
			isa = PBXProject;
			attributes = {
				LastUpgradeCheck = 0630;
				ORGANIZATIONNAME = L;
				TargetAttributes = {
					3920FEFA1B16B17D00EA27BA = {
						CreatedOnToolsVersion = 6.3.2;
					};
					3920FF131B16B17E00EA27BA = {
						CreatedOnToolsVersion = 6.3.2;
						TestTargetID = 3920FEFA1B16B17D00EA27BA;
					};
				};
			};
			buildConfigurationList = 3920FEF61B16B17D00EA27BA /* Build configuration list for PBXProject "BullsEye" */;
			compatibilityVersion = "Xcode 3.2";
			developmentRegion = English;
			hasScannedForEncodings = 0;
			knownRegions = (
				en,
				Base,
			);
			mainGroup = 3920FEF21B16B17D00EA27BA;
			productRefGroup = 3920FEFC1B16B17D00EA27BA /* Products */;
			projectDirPath = "";
			projectRoot = "";
			targets = (
				3920FEFA1B16B17D00EA27BA /* BullsEye */,
				3920FF131B16B17E00EA27BA /* BullsEyeTests */,
			);
		};
/* End PBXProject section */

/* Begin PBXResourcesBuildPhase section */
		3920FEF91B16B17D00EA27BA /* Resources */ = {
			isa = PBXResourcesBuildPhase;
			buildActionMask = 2147483647;
			files = (
				3920FF0A1B16B17D00EA27BA /* Main.storyboard in Resources */,
				3920FF281B1E36AC00EA27BA /* BullsEye.html in Resources */,
				3920FF0F1B16B17D00EA27BA /* LaunchScreen.xib in Resources */,
				3920FF0C1B16B17D00EA27BA /* Images.xcassets in Resources */,
			);
			runOnlyForDeploymentPostprocessing = 0;
		};
		3920FF121B16B17E00EA27BA /* Resources */ = {
			isa = PBXResourcesBuildPhase;
			buildActionMask = 2147483647;
			files = (
			);
			runOnlyForDeploymentPostprocessing = 0;
		};
/* End PBXResourcesBuildPhase section */

/* Begin PBXSourcesBuildPhase section */
		3920FEF71B16B17D00EA27BA /* Sources */ = {
			isa = PBXSourcesBuildPhase;
			buildActionMask = 2147483647;
			files = (
				3920FF071B16B17D00EA27BA /* ViewController.m in Sources */,
				3920FF041B16B17D00EA27BA /* AppDelegate.m in Sources */,
				3920FF261B1DEC7B00EA27BA /* AboutViewController.m in Sources */,
				3920FF011B16B17D00EA27BA /* main.m in Sources */,
			);
			runOnlyForDeploymentPostprocessing = 0;
		};
		3920FF101B16B17E00EA27BA /* Sources */ = {
			isa = PBXSourcesBuildPhase;
			buildActionMask = 2147483647;
			files = (
				3920FF1B1B16B17E00EA27BA /* BullsEyeTests.m in Sources */,
			);
			runOnlyForDeploymentPostprocessing = 0;
		};
/* End PBXSourcesBuildPhase section */

/* Begin PBXTargetDependency section */
		3920FF161B16B17E00EA27BA /* PBXTargetDependency */ = {
			isa = PBXTargetDependency;
			target = 3920FEFA1B16B17D00EA27BA /* BullsEye */;
			targetProxy = 3920FF151B16B17E00EA27BA /* PBXContainerItemProxy */;
		};
/* End PBXTargetDependency section */

/* Begin PBXVariantGroup section */
		3920FF081B16B17D00EA27BA /* Main.storyboard */ = {
			isa = PBXVariantGroup;
			children = (
				3920FF091B16B17D00EA27BA /* Base */,
			);
			name = Main.storyboard;
			sourceTree = "<group>";
		};
		3920FF0D1B16B17D00EA27BA /* LaunchScreen.xib */ = {
			isa = PBXVariantGroup;
			children = (
				3920FF0E1B16B17D00EA27BA /* Base */,
			);
			name = LaunchScreen.xib;
			sourceTree = "<group>";
		};
/* End PBXVariantGroup section */

/* Begin XCBuildConfiguration section */
		3920FF1C1B16B17E00EA27BA /* Debug */ = {
			isa = XCBuildConfiguration;
			buildSettings = {
				ALWAYS_SEARCH_USER_PATHS = NO;
				CLANG_CXX_LANGUAGE_STANDARD = "gnu++0x";
				CLANG_CXX_LIBRARY = "libc++";
				CLANG_ENABLE_MODULES = YES;
				CLANG_ENABLE_OBJC_ARC = YES;
				CLANG_WARN_BOOL_CONVERSION = YES;
				CLANG_WARN_CONSTANT_CONVERSION = YES;
				CLANG_WARN_DIRECT_OBJC_ISA_USAGE = YES_ERROR;
				CLANG_WARN_EMPTY_BODY = YES;
				CLANG_WARN_ENUM_CONVERSION = YES;
				CLANG_WARN_INT_CONVERSION = YES;
				CLANG_WARN_OBJC_ROOT_CLASS = YES_ERROR;
				CLANG_WARN_UNREACHABLE_CODE = YES;
				CLANG_WARN__DUPLICATE_METHOD_MATCH = YES;
				"CODE_SIGN_IDENTITY[sdk=iphoneos*]" = "iPhone Developer";
				COPY_PHASE_STRIP = NO;
				DEBUG_INFORMATION_FORMAT = "dwarf-with-dsym";
				ENABLE_STRICT_OBJC_MSGSEND = YES;
				GCC_C_LANGUAGE_STANDARD = gnu99;
				GCC_DYNAMIC_NO_PIC = NO;
				GCC_NO_COMMON_BLOCKS = YES;
				GCC_OPTIMIZATION_LEVEL = 0;
				GCC_PREPROCESSOR_DEFINITIONS = (
					"DEBUG=1",
					"$(inherited)",
				);
				GCC_SYMBOLS_PRIVATE_EXTERN = NO;
				GCC_WARN_64_TO_32_BIT_CONVERSION = YES;
				GCC_WARN_ABOUT_RETURN_TYPE = YES_ERROR;
				GCC_WARN_UNDECLARED_SELECTOR = YES;
				GCC_WARN_UNINITIALIZED_AUTOS = YES_AGGRESSIVE;
				GCC_WARN_UNUSED_FUNCTION = YES;
				GCC_WARN_UNUSED_VARIABLE = YES;
				IPHONEOS_DEPLOYMENT_TARGET = 8.3;
				MTL_ENABLE_DEBUG_INFO = YES;
				ONLY_ACTIVE_ARCH = YES;
				SDKROOT = iphoneos;
			};
			name = Debug;
		};
		3920FF1D1B16B17E00EA27BA /* Release */ = {
			isa = XCBuildConfiguration;
			buildSettings = {
				ALWAYS_SEARCH_USER_PATHS = NO;
				CLANG_CXX_LANGUAGE_STANDARD = "gnu++0x";
				CLANG_CXX_LIBRARY = "libc++";
				CLANG_ENABLE_MODULES = YES;
				CLANG_ENABLE_OBJC_ARC = YES;
				CLANG_WARN_BOOL_CONVERSION = YES;
				CLANG_WARN_CONSTANT_CONVERSION = YES;
				CLANG_WARN_DIRECT_OBJC_ISA_USAGE = YES_ERROR;
				CLANG_WARN_EMPTY_BODY = YES;
				CLANG_WARN_ENUM_CONVERSION = YES;
				CLANG_WARN_INT_CONVERSION = YES;
				CLANG_WARN_OBJC_ROOT_CLASS = YES_ERROR;
				CLANG_WARN_UNREACHABLE_CODE = YES;
				CLANG_WARN__DUPLICATE_METHOD_MATCH = YES;
				"CODE_SIGN_IDENTITY[sdk=iphoneos*]" = "iPhone Developer";
				COPY_PHASE_STRIP = NO;
				DEBUG_INFORMATION_FORMAT = "dwarf-with-dsym";
				ENABLE_NS_ASSERTIONS = NO;
				ENABLE_STRICT_OBJC_MSGSEND = YES;
				GCC_C_LANGUAGE_STANDARD = gnu99;
				GCC_NO_COMMON_BLOCKS = YES;
				GCC_WARN_64_TO_32_BIT_CONVERSION = YES;
				GCC_WARN_ABOUT_RETURN_TYPE = YES_ERROR;
				GCC_WARN_UNDECLARED_SELECTOR = YES;
				GCC_WARN_UNINITIALIZED_AUTOS = YES_AGGRESSIVE;
				GCC_WARN_UNUSED_FUNCTION = YES;
				GCC_WARN_UNUSED_VARIABLE = YES;
				IPHONEOS_DEPLOYMENT_TARGET = 8.3;
				MTL_ENABLE_DEBUG_INFO = NO;
				SDKROOT = iphoneos;
				VALIDATE_PRODUCT = YES;
			};
			name = Release;
		};
		3920FF1F1B16B17E00EA27BA /* Debug */ = {
			isa = XCBuildConfiguration;
			buildSettings = {
				ASSETCATALOG_COMPILER_APPICON_NAME = AppIcon;
				INFOPLIST_FILE = BullsEye/Info.plist;
				IPHONEOS_DEPLOYMENT_TARGET = 8.3;
				LD_RUNPATH_SEARCH_PATHS = "$(inherited) @executable_path/Frameworks";
				PRODUCT_NAME = "$(TARGET_NAME)";
			};
			name = Debug;
		};
		3920FF201B16B17E00EA27BA /* Release */ = {
			isa = XCBuildConfiguration;
			buildSettings = {
				ASSETCATALOG_COMPILER_APPICON_NAME = AppIcon;
				INFOPLIST_FILE = BullsEye/Info.plist;
				IPHONEOS_DEPLOYMENT_TARGET = 8.3;
				LD_RUNPATH_SEARCH_PATHS = "$(inherited) @executable_path/Frameworks";
				PRODUCT_NAME = "$(TARGET_NAME)";
			};
			name = Release;
		};
		3920FF221B16B17E00EA27BA /* Debug */ = {
			isa = XCBuildConfiguration;
			buildSettings = {
				BUNDLE_LOADER = "$(TEST_HOST)";
				FRAMEWORK_SEARCH_PATHS = (
					"$(SDKROOT)/Developer/Library/Frameworks",
					"$(inherited)",
				);
				GCC_PREPROCESSOR_DEFINITIONS = (
					"DEBUG=1",
					"$(inherited)",
				);
				INFOPLIST_FILE = BullsEyeTests/Info.plist;
				LD_RUNPATH_SEARCH_PATHS = "$(inherited) @executable_path/Frameworks @loader_path/Frameworks";
				PRODUCT_NAME = "$(TARGET_NAME)";
				TEST_HOST = "$(BUILT_PRODUCTS_DIR)/BullsEye.app/BullsEye";
			};
			name = Debug;
		};
		3920FF231B16B17E00EA27BA /* Release */ = {
			isa = XCBuildConfiguration;
			buildSettings = {
				BUNDLE_LOADER = "$(TEST_HOST)";
				FRAMEWORK_SEARCH_PATHS = (
					"$(SDKROOT)/Developer/Library/Frameworks",
					"$(inherited)",
				);
				INFOPLIST_FILE = BullsEyeTests/Info.plist;
				LD_RUNPATH_SEARCH_PATHS = "$(inherited) @executable_path/Frameworks @loader_path/Frameworks";
				PRODUCT_NAME = "$(TARGET_NAME)";
				TEST_HOST = "$(BUILT_PRODUCTS_DIR)/BullsEye.app/BullsEye";
			};
			name = Release;
		};
/* End XCBuildConfiguration section */

/* Begin XCConfigurationList section */
		3920FEF61B16B17D00EA27BA /* Build configuration list for PBXProject "BullsEye" */ = {
			isa = XCConfigurationList;
			buildConfigurations = (
				3920FF1C1B16B17E00EA27BA /* Debug */,
				3920FF1D1B16B17E00EA27BA /* Release */,
			);
			defaultConfigurationIsVisible = 0;
			defaultConfigurationName = Release;
		};
		3920FF1E1B16B17E00EA27BA /* Build configuration list for PBXNativeTarget "BullsEye" */ = {
			isa = XCConfigurationList;
			buildConfigurations = (
				3920FF1F1B16B17E00EA27BA /* Debug */,
				3920FF201B16B17E00EA27BA /* Release */,
			);
			defaultConfigurationIsVisible = 0;
		};
		3920FF211B16B17E00EA27BA /* Build configuration list for PBXNativeTarget "BullsEyeTests" */ = {
			isa = XCConfigurationList;
			buildConfigurations = (
				3920FF221B16B17E00EA27BA /* Debug */,
				3920FF231B16B17E00EA27BA /* Release */,
			);
			defaultConfigurationIsVisible = 0;
		};
/* End XCConfigurationList section */
	};
	rootObject = 3920FEF31B16B17D00EA27BA /* Project object */;
}
